
Microsoft Visual Studio Solution File, Format Version 12.00
# Visual Studio Version 16
VisualStudioVersion = 16.0.28922.388
MinimumVisualStudioVersion = 10.0.40219.1
Project("{2150E333-8FDC-42A3-9474-1A3956D46DE8}") = "Solution Items", "Solution Items", "{AD2D2CF1-8DC9-4112-ACB5-C21728CCF272}"
	ProjectSection(SolutionItems) = preProject
		README.MD = README.MD
	EndProjectSection
EndProject
Project("{FAE04EC0-301F-11D3-BF4B-00C04F79EFBC}") = "ShikimoriTelegramBot", "ShikimoriTelegramBot\ShikimoriTelegramBot.csproj", "{75639943-1A76-47B7-A0B3-CBFA2D44DC42}"
EndProject
Global
	GlobalSection(SolutionConfigurationPlatforms) = preSolution
		Debug|Any CPU = Debug|Any CPU
		Release|Any CPU = Release|Any CPU
	EndGlobalSection
	GlobalSection(ProjectConfigurationPlatforms) = postSolution
		{75639943-1A76-47B7-A0B3-CBFA2D44DC42}.Debug|Any CPU.ActiveCfg = Debug|Any CPU
		{75639943-1A76-47B7-A0B3-CBFA2D44DC42}.Debug|Any CPU.Build.0 = Debug|Any CPU
		{75639943-1A76-47B7-A0B3-CBFA2D44DC42}.Release|Any CPU.ActiveCfg = Release|Any CPU
		{75639943-1A76-47B7-A0B3-CBFA2D44DC42}.Release|Any CPU.Build.0 = Release|Any CPU
	EndGlobalSection
	GlobalSection(SolutionProperties) = preSolution
		HideSolutionNode = FALSE
	EndGlobalSection
	GlobalSection(ExtensibilityGlobals) = postSolution
		SolutionGuid = {06A3E404-AECB-4BC7-A682-5B2F334F559E}
	EndGlobalSection
EndGlobal
