
Microsoft Visual Studio Solution File, Format Version 12.00
# Visual Studio 15
VisualStudioVersion = 15.0.27703.2035
MinimumVisualStudioVersion = 10.0.40219.1
Project("{9A19103F-16F7-4668-BE54-9A1E7A4F7556}") = "ShikimoriTelegramBot", "ShikimoriTelegramBot\ShikimoriTelegramBot.csproj", "{5CBEB8A6-F04C-4BDE-84CE-5183D9650B93}"
EndProject
Project("{E53339B2-1760-4266-BCC7-CA923CBCF16C}") = "docker-compose", "docker-compose.dcproj", "{5157D0D5-C62B-4B88-A7A4-2852A4F62865}"
EndProject
Global
	GlobalSection(SolutionConfigurationPlatforms) = preSolution
		Debug|Any CPU = Debug|Any CPU
		Release|Any CPU = Release|Any CPU
	EndGlobalSection
	GlobalSection(ProjectConfigurationPlatforms) = postSolution
		{5CBEB8A6-F04C-4BDE-84CE-5183D9650B93}.Debug|Any CPU.ActiveCfg = Debug|Any CPU
		{5CBEB8A6-F04C-4BDE-84CE-5183D9650B93}.Debug|Any CPU.Build.0 = Debug|Any CPU
		{5CBEB8A6-F04C-4BDE-84CE-5183D9650B93}.Release|Any CPU.ActiveCfg = Release|Any CPU
		{5CBEB8A6-F04C-4BDE-84CE-5183D9650B93}.Release|Any CPU.Build.0 = Release|Any CPU
		{5157D0D5-C62B-4B88-A7A4-2852A4F62865}.Debug|Any CPU.ActiveCfg = Debug|Any CPU
		{5157D0D5-C62B-4B88-A7A4-2852A4F62865}.Debug|Any CPU.Build.0 = Debug|Any CPU
		{5157D0D5-C62B-4B88-A7A4-2852A4F62865}.Release|Any CPU.ActiveCfg = Release|Any CPU
		{5157D0D5-C62B-4B88-A7A4-2852A4F62865}.Release|Any CPU.Build.0 = Release|Any CPU
	EndGlobalSection
	GlobalSection(SolutionProperties) = preSolution
		HideSolutionNode = FALSE
	EndGlobalSection
	GlobalSection(ExtensibilityGlobals) = postSolution
		SolutionGuid = {06A3E404-AECB-4BC7-A682-5B2F334F559E}
	EndGlobalSection
EndGlobal
